
Microsoft Visual Studio Solution File, Format Version 12.00
# Visual Studio Version 17
VisualStudioVersion = 17.1.32210.238
MinimumVisualStudioVersion = 10.0.40219.1
Project("{FAE04EC0-301F-11D3-BF4B-00C04F79EFBC}") = "CentroLink-Automation", "CentroLink-Automation\CentroLink-Automation.csproj", "{09E3CEB5-4D9D-4E59-8E09-63CE9E7559F0}"
EndProject
Global
	GlobalSection(SolutionConfigurationPlatforms) = preSolution
		Debug|Any CPU = Debug|Any CPU
		Release|Any CPU = Release|Any CPU
	EndGlobalSection
	GlobalSection(ProjectConfigurationPlatforms) = postSolution
		{09E3CEB5-4D9D-4E59-8E09-63CE9E7559F0}.Debug|Any CPU.ActiveCfg = Debug|Any CPU
		{09E3CEB5-4D9D-4E59-8E09-63CE9E7559F0}.Debug|Any CPU.Build.0 = Debug|Any CPU
		{09E3CEB5-4D9D-4E59-8E09-63CE9E7559F0}.Release|Any CPU.ActiveCfg = Release|Any CPU
		{09E3CEB5-4D9D-4E59-8E09-63CE9E7559F0}.Release|Any CPU.Build.0 = Release|Any CPU
	EndGlobalSection
	GlobalSection(SolutionProperties) = preSolution
		HideSolutionNode = FALSE
	EndGlobalSection
	GlobalSection(ExtensibilityGlobals) = postSolution
		SolutionGuid = {263F3754-1558-4B23-A312-0C733C3C3FB9}
	EndGlobalSection
EndGlobal
